
Microsoft Visual Studio Solution File, Format Version 12.00
# Visual Studio Version 16
VisualStudioVersion = 16.0.29911.84
MinimumVisualStudioVersion = 10.0.40219.1
Project("{FAE04EC0-301F-11D3-BF4B-00C04F79EFBC}") = "Veterinaria", "Veterinaria\Veterinaria.csproj", "{CA69BCBF-8D4B-412A-A4B0-D8A526EB5F17}"
EndProject
Project("{FAE04EC0-301F-11D3-BF4B-00C04F79EFBC}") = "Entidades", "Entidades\Entidades.csproj", "{BB68C20B-231D-45EB-BBE9-8F05223C5722}"
EndProject
Global
	GlobalSection(SolutionConfigurationPlatforms) = preSolution
		Debug|Any CPU = Debug|Any CPU
		Release|Any CPU = Release|Any CPU
	EndGlobalSection
	GlobalSection(ProjectConfigurationPlatforms) = postSolution
		{CA69BCBF-8D4B-412A-A4B0-D8A526EB5F17}.Debug|Any CPU.ActiveCfg = Debug|Any CPU
		{CA69BCBF-8D4B-412A-A4B0-D8A526EB5F17}.Debug|Any CPU.Build.0 = Debug|Any CPU
		{CA69BCBF-8D4B-412A-A4B0-D8A526EB5F17}.Release|Any CPU.ActiveCfg = Release|Any CPU
		{CA69BCBF-8D4B-412A-A4B0-D8A526EB5F17}.Release|Any CPU.Build.0 = Release|Any CPU
		{BB68C20B-231D-45EB-BBE9-8F05223C5722}.Debug|Any CPU.ActiveCfg = Debug|Any CPU
		{BB68C20B-231D-45EB-BBE9-8F05223C5722}.Debug|Any CPU.Build.0 = Debug|Any CPU
		{BB68C20B-231D-45EB-BBE9-8F05223C5722}.Release|Any CPU.ActiveCfg = Release|Any CPU
		{BB68C20B-231D-45EB-BBE9-8F05223C5722}.Release|Any CPU.Build.0 = Release|Any CPU
	EndGlobalSection
	GlobalSection(SolutionProperties) = preSolution
		HideSolutionNode = FALSE
	EndGlobalSection
	GlobalSection(ExtensibilityGlobals) = postSolution
		SolutionGuid = {AC2EDC0B-C630-4E0A-8BEF-1D4DB51882FF}
	EndGlobalSection
EndGlobal
